
Microsoft Visual Studio Solution File, Format Version 12.00
# Visual Studio Version 17
VisualStudioVersion = 17.5.33502.453
MinimumVisualStudioVersion = 10.0.40219.1
Project("{FAE04EC0-301F-11D3-BF4B-00C04F79EFBC}") = "Custom.Gravitate.Website", "Custom.Gravitate.Website\Custom.Gravitate.Website.csproj", "{C6BF2266-E469-423E-A0DE-21C09AFD7C1B}"
	ProjectSection(ProjectDependencies) = postProject
		{1738B35C-8B8D-47AD-ACC9-CF0E8480B639} = {1738B35C-8B8D-47AD-ACC9-CF0E8480B639}
		{335BB75F-4AF1-4336-97A5-9F689A516F0F} = {335BB75F-4AF1-4336-97A5-9F689A516F0F}
		{3DC8272B-EEF6-4FD7-9860-53C31946D62D} = {3DC8272B-EEF6-4FD7-9860-53C31946D62D}
		{483AC63A-9E74-4A24-8681-5D4978BDD01D} = {483AC63A-9E74-4A24-8681-5D4978BDD01D}
		{4E25ACE3-485B-4D2E-B806-81B0D91D4101} = {4E25ACE3-485B-4D2E-B806-81B0D91D4101}
		{56C01C7C-8572-4A0F-8322-B026BB3EA9CC} = {56C01C7C-8572-4A0F-8322-B026BB3EA9CC}
		{7777AE36-7883-4149-A355-8E3DC8099490} = {7777AE36-7883-4149-A355-8E3DC8099490}
		{8A838176-7CE8-43F4-85B4-A9CC713F4E64} = {8A838176-7CE8-43F4-85B4-A9CC713F4E64}
		{A13A9026-BED8-495F-AA81-0C44B1A5FC0B} = {A13A9026-BED8-495F-AA81-0C44B1A5FC0B}
		{C7728065-5DBC-45CE-8880-CA317608EAC5} = {C7728065-5DBC-45CE-8880-CA317608EAC5}
		{F1D5B1CB-AAC6-46AE-A406-56DC550327CF} = {F1D5B1CB-AAC6-46AE-A406-56DC550327CF}
		{FE5FB36D-51C8-4F24-95FF-E87B55AFE24A} = {FE5FB36D-51C8-4F24-95FF-E87B55AFE24A}
	EndProjectSection
EndProject
Project("{FAE04EC0-301F-11D3-BF4B-00C04F79EFBC}") = "Custom.Gravitate.Domain.Adapter.DAL", "Custom.Gravitate.Domain.Adapter.DAL\Custom.Gravitate.Domain.Adapter.DAL.csproj", "{A2AC2B6C-D511-4B70-B98F-493ACA855157}"
	ProjectSection(ProjectDependencies) = postProject
		{2A0D2DCA-05A2-43E6-BC72-B96444C21F59} = {2A0D2DCA-05A2-43E6-BC72-B96444C21F59}
		{335BB75F-4AF1-4336-97A5-9F689A516F0F} = {335BB75F-4AF1-4336-97A5-9F689A516F0F}
		{3DC8272B-EEF6-4FD7-9860-53C31946D62D} = {3DC8272B-EEF6-4FD7-9860-53C31946D62D}
		{483AC63A-9E74-4A24-8681-5D4978BDD01D} = {483AC63A-9E74-4A24-8681-5D4978BDD01D}
		{7777AE36-7883-4149-A355-8E3DC8099490} = {7777AE36-7883-4149-A355-8E3DC8099490}
		{8A838176-7CE8-43F4-85B4-A9CC713F4E64} = {8A838176-7CE8-43F4-85B4-A9CC713F4E64}
		{A13A9026-BED8-495F-AA81-0C44B1A5FC0B} = {A13A9026-BED8-495F-AA81-0C44B1A5FC0B}
		{F1D5B1CB-AAC6-46AE-A406-56DC550327CF} = {F1D5B1CB-AAC6-46AE-A406-56DC550327CF}
		{FE5FB36D-51C8-4F24-95FF-E87B55AFE24A} = {FE5FB36D-51C8-4F24-95FF-E87B55AFE24A}
	EndProjectSection
EndProject
Project("{FAE04EC0-301F-11D3-BF4B-00C04F79EFBC}") = "Custom.Gravitate.WCF", "Custom.Gravitate.WCF\Custom.Gravitate.WCF.csproj", "{AF62C77D-E9AC-4F72-AAB2-88D0F1899F3F}"
	ProjectSection(ProjectDependencies) = postProject
		{2A0D2DCA-05A2-43E6-BC72-B96444C21F59} = {2A0D2DCA-05A2-43E6-BC72-B96444C21F59}
		{335BB75F-4AF1-4336-97A5-9F689A516F0F} = {335BB75F-4AF1-4336-97A5-9F689A516F0F}
		{3DC8272B-EEF6-4FD7-9860-53C31946D62D} = {3DC8272B-EEF6-4FD7-9860-53C31946D62D}
		{483AC63A-9E74-4A24-8681-5D4978BDD01D} = {483AC63A-9E74-4A24-8681-5D4978BDD01D}
		{7777AE36-7883-4149-A355-8E3DC8099490} = {7777AE36-7883-4149-A355-8E3DC8099490}
		{8A838176-7CE8-43F4-85B4-A9CC713F4E64} = {8A838176-7CE8-43F4-85B4-A9CC713F4E64}
		{A13A9026-BED8-495F-AA81-0C44B1A5FC0B} = {A13A9026-BED8-495F-AA81-0C44B1A5FC0B}
		{F1D5B1CB-AAC6-46AE-A406-56DC550327CF} = {F1D5B1CB-AAC6-46AE-A406-56DC550327CF}
		{FE5FB36D-51C8-4F24-95FF-E87B55AFE24A} = {FE5FB36D-51C8-4F24-95FF-E87B55AFE24A}
	EndProjectSection
EndProject
Project("{FAE04EC0-301F-11D3-BF4B-00C04F79EFBC}") = "Custom.Gravitate.Notification", "Custom.Gravitate.Notification\Custom.Gravitate.Notification.csproj", "{4E25ACE3-485B-4D2E-B806-81B0D91D4101}"
	ProjectSection(ProjectDependencies) = postProject
		{0EB2DF22-F30D-4703-B554-99863505C65F} = {0EB2DF22-F30D-4703-B554-99863505C65F}
		{2A0D2DCA-05A2-43E6-BC72-B96444C21F59} = {2A0D2DCA-05A2-43E6-BC72-B96444C21F59}
		{335BB75F-4AF1-4336-97A5-9F689A516F0F} = {335BB75F-4AF1-4336-97A5-9F689A516F0F}
		{3DC8272B-EEF6-4FD7-9860-53C31946D62D} = {3DC8272B-EEF6-4FD7-9860-53C31946D62D}
		{483AC63A-9E74-4A24-8681-5D4978BDD01D} = {483AC63A-9E74-4A24-8681-5D4978BDD01D}
		{7777AE36-7883-4149-A355-8E3DC8099490} = {7777AE36-7883-4149-A355-8E3DC8099490}
		{8A838176-7CE8-43F4-85B4-A9CC713F4E64} = {8A838176-7CE8-43F4-85B4-A9CC713F4E64}
		{A13A9026-BED8-495F-AA81-0C44B1A5FC0B} = {A13A9026-BED8-495F-AA81-0C44B1A5FC0B}
		{F1D5B1CB-AAC6-46AE-A406-56DC550327CF} = {F1D5B1CB-AAC6-46AE-A406-56DC550327CF}
		{FE5FB36D-51C8-4F24-95FF-E87B55AFE24A} = {FE5FB36D-51C8-4F24-95FF-E87B55AFE24A}
	EndProjectSection
EndProject
Project("{2150E333-8FDC-42A3-9474-1A3956D46DE8}") = ".nuget", ".nuget", "{ABDD27EB-36C9-4EFF-B7E2-AE947A9EDC9E}"
	ProjectSection(SolutionItems) = preProject
		.nuget\NuGet.config = .nuget\NuGet.config
	EndProjectSection
EndProject
Project("{FAE04EC0-301F-11D3-BF4B-00C04F79EFBC}") = "Custom.Gravitate.ConfigurationApp", "Custom.Gravitate.ConfigurationApp\Custom.Gravitate.ConfigurationApp.csproj", "{B5ACBDE1-7E84-437A-8AFE-8BC777436767}"
	ProjectSection(ProjectDependencies) = postProject
		{2A0D2DCA-05A2-43E6-BC72-B96444C21F59} = {2A0D2DCA-05A2-43E6-BC72-B96444C21F59}
		{335BB75F-4AF1-4336-97A5-9F689A516F0F} = {335BB75F-4AF1-4336-97A5-9F689A516F0F}
		{3DC8272B-EEF6-4FD7-9860-53C31946D62D} = {3DC8272B-EEF6-4FD7-9860-53C31946D62D}
		{483AC63A-9E74-4A24-8681-5D4978BDD01D} = {483AC63A-9E74-4A24-8681-5D4978BDD01D}
		{7777AE36-7883-4149-A355-8E3DC8099490} = {7777AE36-7883-4149-A355-8E3DC8099490}
		{8A7FAE39-E09D-42C2-8CAA-8BA7C3FCD92B} = {8A7FAE39-E09D-42C2-8CAA-8BA7C3FCD92B}
		{A13A9026-BED8-495F-AA81-0C44B1A5FC0B} = {A13A9026-BED8-495F-AA81-0C44B1A5FC0B}
		{F1D5B1CB-AAC6-46AE-A406-56DC550327CF} = {F1D5B1CB-AAC6-46AE-A406-56DC550327CF}
		{FE5FB36D-51C8-4F24-95FF-E87B55AFE24A} = {FE5FB36D-51C8-4F24-95FF-E87B55AFE24A}
	EndProjectSection
EndProject
Project("{2150E333-8FDC-42A3-9474-1A3956D46DE8}") = "Solution Items", "Solution Items", "{8BA6DF13-D2B9-4900-BAA3-51248ED17B80}"
	ProjectSection(SolutionItems) = preProject
		Custom.Gravitate.Notification\RunLocalQuartz.ps1 = Custom.Gravitate.Notification\RunLocalQuartz.ps1
		Custom.Gravitate.Notification\WinSCP.exe = Custom.Gravitate.Notification\WinSCP.exe
	EndProjectSection
EndProject
Project("{FAE04EC0-301F-11D3-BF4B-00C04F79EFBC}") = "Gravitate.Domain.Adapter", "Gravitate.Domain.Adapter\DatabaseGeneric\Gravitate.Domain.Adapter.csproj", "{E82285EB-CCD5-40EB-B1FE-64443EEDF6DC}"
EndProject
Project("{FAE04EC0-301F-11D3-BF4B-00C04F79EFBC}") = "Gravitate.Domain.AdapterDBSpecific", "Gravitate.Domain.Adapter\DatabaseSpecific\Gravitate.Domain.AdapterDBSpecific.csproj", "{6B9B626B-EDDD-4E97-9DC9-8B92F63D80E6}"
EndProject
Project("{FAE04EC0-301F-11D3-BF4B-00C04F79EFBC}") = "Gravitate.Integration.RA.Tests", "Gravitate.Integration.RA.Tests\Gravitate.Integration.RA.Tests.csproj", "{D7D0704A-BFBD-4AC4-841A-61C30F35F2DB}"
EndProject
Project("{FAE04EC0-301F-11D3-BF4B-00C04F79EFBC}") = "Gravitate.Integration.RA.DAL", "Gravitate.Integration.RA.DAL\DatabaseGeneric\Gravitate.Integration.RA.DAL.csproj", "{EBDA2D38-47DC-45F0-8507-53BEB8DA1E65}"
EndProject
Project("{FAE04EC0-301F-11D3-BF4B-00C04F79EFBC}") = "Gravitate.Integration.RA.DALDBSpecific", "Gravitate.Integration.RA.DAL\DatabaseSpecific\Gravitate.Integration.RA.DALDBSpecific.csproj", "{14C79EBB-EA78-4D06-89DB-9549EE076DD4}"
EndProject
Project("{FAE04EC0-301F-11D3-BF4B-00C04F79EFBC}") = "Gravitate.Integration.RA", "Gravitate.Integration.RA\Gravitate.Integration.RA.csproj", "{12B443AA-0AED-450A-9F07-D07D644FF473}"
EndProject
Project("{FAE04EC0-301F-11D3-BF4B-00C04F79EFBC}") = "Custom.Gravitate.Library", "Custom.Gravitate.Library\Custom.Gravitate.Library.csproj", "{4F788A31-273A-4657-B909-E063C69D7381}"
	ProjectSection(ProjectDependencies) = postProject
		{2A0D2DCA-05A2-43E6-BC72-B96444C21F59} = {2A0D2DCA-05A2-43E6-BC72-B96444C21F59}
		{335BB75F-4AF1-4336-97A5-9F689A516F0F} = {335BB75F-4AF1-4336-97A5-9F689A516F0F}
		{3DC8272B-EEF6-4FD7-9860-53C31946D62D} = {3DC8272B-EEF6-4FD7-9860-53C31946D62D}
		{483AC63A-9E74-4A24-8681-5D4978BDD01D} = {483AC63A-9E74-4A24-8681-5D4978BDD01D}
		{7777AE36-7883-4149-A355-8E3DC8099490} = {7777AE36-7883-4149-A355-8E3DC8099490}
		{8A838176-7CE8-43F4-85B4-A9CC713F4E64} = {8A838176-7CE8-43F4-85B4-A9CC713F4E64}
		{A13A9026-BED8-495F-AA81-0C44B1A5FC0B} = {A13A9026-BED8-495F-AA81-0C44B1A5FC0B}
		{F1D5B1CB-AAC6-46AE-A406-56DC550327CF} = {F1D5B1CB-AAC6-46AE-A406-56DC550327CF}
		{FE5FB36D-51C8-4F24-95FF-E87B55AFE24A} = {FE5FB36D-51C8-4F24-95FF-E87B55AFE24A}
	EndProjectSection
EndProject
Project("{FAE04EC0-301F-11D3-BF4B-00C04F79EFBC}") = "Custom.Gravitate.JSON", "Custom.Gravitate.JSON\Custom.Gravitate.JSON.csproj", "{3BB0ABDA-C273-4C16-BB81-C73157A6DE9E}"
	ProjectSection(ProjectDependencies) = postProject
		{2A0D2DCA-05A2-43E6-BC72-B96444C21F59} = {2A0D2DCA-05A2-43E6-BC72-B96444C21F59}
		{335BB75F-4AF1-4336-97A5-9F689A516F0F} = {335BB75F-4AF1-4336-97A5-9F689A516F0F}
		{3DC8272B-EEF6-4FD7-9860-53C31946D62D} = {3DC8272B-EEF6-4FD7-9860-53C31946D62D}
		{483AC63A-9E74-4A24-8681-5D4978BDD01D} = {483AC63A-9E74-4A24-8681-5D4978BDD01D}
		{7777AE36-7883-4149-A355-8E3DC8099490} = {7777AE36-7883-4149-A355-8E3DC8099490}
		{8A838176-7CE8-43F4-85B4-A9CC713F4E64} = {8A838176-7CE8-43F4-85B4-A9CC713F4E64}
		{A13A9026-BED8-495F-AA81-0C44B1A5FC0B} = {A13A9026-BED8-495F-AA81-0C44B1A5FC0B}
		{F1D5B1CB-AAC6-46AE-A406-56DC550327CF} = {F1D5B1CB-AAC6-46AE-A406-56DC550327CF}
		{FE5FB36D-51C8-4F24-95FF-E87B55AFE24A} = {FE5FB36D-51C8-4F24-95FF-E87B55AFE24A}
	EndProjectSection
EndProject
Project("{FAE04EC0-301F-11D3-BF4B-00C04F79EFBC}") = "Custom.Gravitate.WebAPI", "Custom.Gravitate.WebAPI\Custom.Gravitate.WebAPI.csproj", "{193BBBFD-C52B-400E-9165-B6C85A9E990F}"
	ProjectSection(ProjectDependencies) = postProject
		{2A0D2DCA-05A2-43E6-BC72-B96444C21F59} = {2A0D2DCA-05A2-43E6-BC72-B96444C21F59}
		{335BB75F-4AF1-4336-97A5-9F689A516F0F} = {335BB75F-4AF1-4336-97A5-9F689A516F0F}
		{3DC8272B-EEF6-4FD7-9860-53C31946D62D} = {3DC8272B-EEF6-4FD7-9860-53C31946D62D}
		{483AC63A-9E74-4A24-8681-5D4978BDD01D} = {483AC63A-9E74-4A24-8681-5D4978BDD01D}
		{4A937E7D-7620-4875-9576-FA8A40249A52} = {4A937E7D-7620-4875-9576-FA8A40249A52}
		{56C01C7C-8572-4A0F-8322-B026BB3EA9CC} = {56C01C7C-8572-4A0F-8322-B026BB3EA9CC}
		{7777AE36-7883-4149-A355-8E3DC8099490} = {7777AE36-7883-4149-A355-8E3DC8099490}
		{8A838176-7CE8-43F4-85B4-A9CC713F4E64} = {8A838176-7CE8-43F4-85B4-A9CC713F4E64}
		{A13A9026-BED8-495F-AA81-0C44B1A5FC0B} = {A13A9026-BED8-495F-AA81-0C44B1A5FC0B}
		{EFFC124F-08E5-484B-A753-4A709C2A1DB3} = {EFFC124F-08E5-484B-A753-4A709C2A1DB3}
		{F1D5B1CB-AAC6-46AE-A406-56DC550327CF} = {F1D5B1CB-AAC6-46AE-A406-56DC550327CF}
		{FE5FB36D-51C8-4F24-95FF-E87B55AFE24A} = {FE5FB36D-51C8-4F24-95FF-E87B55AFE24A}
	EndProjectSection
EndProject
Project("{FAE04EC0-301F-11D3-BF4B-00C04F79EFBC}") = "Gravitate.EntityView", "Gravitate.EntityView\Gravitate.EntityView.csproj", "{3DC8272B-EEF6-4FD7-9860-53C31946D62D}"
EndProject
Project("{FAE04EC0-301F-11D3-BF4B-00C04F79EFBC}") = "Gravitate.Domain.Adapter.DAL", "Gravitate.Domain.Adapter.DAL\Gravitate.Domain.Adapter.DAL.csproj", "{7777AE36-7883-4149-A355-8E3DC8099490}"
EndProject
Project("{FAE04EC0-301F-11D3-BF4B-00C04F79EFBC}") = "Gravitate.Library", "Gravitate.Library\Gravitate.Library.csproj", "{2A0D2DCA-05A2-43E6-BC72-B96444C21F59}"
EndProject
Project("{FAE04EC0-301F-11D3-BF4B-00C04F79EFBC}") = "Gravitate.Domain.CoreModel", "Gravitate.Domain.CoreModels\Gravitate.Domain.CoreModel\Gravitate.Domain.CoreModel.csproj", "{A13A9026-BED8-495F-AA81-0C44B1A5FC0B}"
EndProject
Project("{FAE04EC0-301F-11D3-BF4B-00C04F79EFBC}") = "Gravitate.Domain.CoreModel.Persistence", "Gravitate.Domain.CoreModels\Gravitate.Domain.CoreModel.Persistence\Gravitate.Domain.CoreModel.Persistence.csproj", "{483AC63A-9E74-4A24-8681-5D4978BDD01D}"
EndProject
Project("{FAE04EC0-301F-11D3-BF4B-00C04F79EFBC}") = "Gravitate.Nexmo", "Gravitate.Nexmo\Gravitate.Nexmo.csproj", "{53EF544A-F6B6-4DF3-BCB3-4E2638E33C2A}"
EndProject
Project("{FAE04EC0-301F-11D3-BF4B-00C04F79EFBC}") = "Gravitate.Notification", "Gravitate.Notification\Gravitate.Notification.csproj", "{FE5FB36D-51C8-4F24-95FF-E87B55AFE24A}"
EndProject
Project("{FAE04EC0-301F-11D3-BF4B-00C04F79EFBC}") = "Gravitate.Security", "Gravitate.Security\Gravitate.Security.csproj", "{8A838176-7CE8-43F4-85B4-A9CC713F4E64}"
EndProject
Project("{FAE04EC0-301F-11D3-BF4B-00C04F79EFBC}") = "Gravitate.Services", "Gravitate.Services\Gravitate.Services.csproj", "{F1D5B1CB-AAC6-46AE-A406-56DC550327CF}"
EndProject
Project("{FAE04EC0-301F-11D3-BF4B-00C04F79EFBC}") = "Gravitate.WCF", "Gravitate.WCF\Gravitate.WCF.csproj", "{335BB75F-4AF1-4336-97A5-9F689A516F0F}"
EndProject
Project("{FAE04EC0-301F-11D3-BF4B-00C04F79EFBC}") = "Gravitate.Web", "Gravitate.Web\Gravitate.Web.csproj", "{56C01C7C-8572-4A0F-8322-B026BB3EA9CC}"
EndProject
Project("{FAE04EC0-301F-11D3-BF4B-00C04F79EFBC}") = "Gravitate.JSON", "Gravitate.JSON\Gravitate.JSON.csproj", "{4A937E7D-7620-4875-9576-FA8A40249A52}"
EndProject
Project("{FAE04EC0-301F-11D3-BF4B-00C04F79EFBC}") = "Gravitate.WebAPI", "Gravitate.WebAPI\Gravitate.WebAPI.csproj", "{EFFC124F-08E5-484B-A753-4A709C2A1DB3}"
EndProject
Project("{FAE04EC0-301F-11D3-BF4B-00C04F79EFBC}") = "Gravitate.Highchart", "Gravitate.Highchart.UI\Gravitate.Highchart.csproj", "{1738B35C-8B8D-47AD-ACC9-CF0E8480B639}"
EndProject
Project("{FAE04EC0-301F-11D3-BF4B-00C04F79EFBC}") = "Gravitate.Quartz.Server", "Gravitate.Quartz.Server\Gravitate.Quartz.Server.csproj", "{0EB2DF22-F30D-4703-B554-99863505C65F}"
EndProject
Project("{FAE04EC0-301F-11D3-BF4B-00C04F79EFBC}") = "Gravitate.Website", "Gravitate.Website\Gravitate.Website.csproj", "{C7728065-5DBC-45CE-8880-CA317608EAC5}"
EndProject
Project("{FAE04EC0-301F-11D3-BF4B-00C04F79EFBC}") = "Gravitate.ConfigurationApp", "Gravitate.ConfigurationApp\Gravitate.ConfigurationApp.csproj", "{8A7FAE39-E09D-42C2-8CAA-8BA7C3FCD92B}"
EndProject
Project("{FAE04EC0-301F-11D3-BF4B-00C04F79EFBC}") = "CodeGenerationConsoleApp", "CodeGenerationConsoleApp\CodeGenerationConsoleApp.csproj", "{2FDBF88C-2A9C-431F-8E9B-CC4E71257CD6}"
EndProject
Project("{2150E333-8FDC-42A3-9474-1A3956D46DE8}") = "Dependencies", "Dependencies", "{768B1CAF-0C5C-470A-90D3-2B3CAC4654EC}"
	ProjectSection(SolutionItems) = preProject
		Dependencies\GvIpc.dll = Dependencies\GvIpc.dll
		Dependencies\Kendo.Mvc.dll = Dependencies\Kendo.Mvc.dll
		Dependencies\Microsoft.IdentityModel.Extensions.dll = Dependencies\Microsoft.IdentityModel.Extensions.dll
		Dependencies\PreMailer.Net.dll = Dependencies\PreMailer.Net.dll
		Dependencies\Rhino.Mocks.dll = Dependencies\Rhino.Mocks.dll
	EndProjectSection
EndProject
Project("{2150E333-8FDC-42A3-9474-1A3956D46DE8}") = "RightAngle", "RightAngle", "{6741615D-B75A-4B7B-87F0-A3B15A5C48F7}"
EndProject
Project("{2150E333-8FDC-42A3-9474-1A3956D46DE8}") = "Server", "Server", "{BCE1302D-7C4B-4E2D-8BD6-D4DEB1BDB52C}"
	ProjectSection(SolutionItems) = preProject
		Dependencies\RightAngle\Server\SolArc.RightAngle.Common.Accounting.BusinessLogic.dll = Dependencies\RightAngle\Server\SolArc.RightAngle.Common.Accounting.BusinessLogic.dll
		Dependencies\RightAngle\Server\SolArc.RightAngle.Common.Accounting.dll = Dependencies\RightAngle\Server\SolArc.RightAngle.Common.Accounting.dll
		Dependencies\RightAngle\Server\SolArc.RightAngle.Common.AssetManagement.BusinessLogic.dll = Dependencies\RightAngle\Server\SolArc.RightAngle.Common.AssetManagement.BusinessLogic.dll
		Dependencies\RightAngle\Server\SolArc.RightAngle.Common.AssetManagement.dll = Dependencies\RightAngle\Server\SolArc.RightAngle.Common.AssetManagement.dll
		Dependencies\RightAngle\Server\SolArc.RightAngle.Common.Credit.BusinessLogic.dll = Dependencies\RightAngle\Server\SolArc.RightAngle.Common.Credit.BusinessLogic.dll
		Dependencies\RightAngle\Server\SolArc.RightAngle.Common.Credit.dll = Dependencies\RightAngle\Server\SolArc.RightAngle.Common.Credit.dll
		Dependencies\RightAngle\Server\SolArc.RightAngle.Common.dll = Dependencies\RightAngle\Server\SolArc.RightAngle.Common.dll
		Dependencies\RightAngle\Server\SolArc.RightAngle.Common.DocumentManagement.BusinessLogic.dll = Dependencies\RightAngle\Server\SolArc.RightAngle.Common.DocumentManagement.BusinessLogic.dll
		Dependencies\RightAngle\Server\SolArc.RightAngle.Common.DocumentManagement.dll = Dependencies\RightAngle\Server\SolArc.RightAngle.Common.DocumentManagement.dll
		Dependencies\RightAngle\Server\SolArc.RightAngle.Common.Integration.dll = Dependencies\RightAngle\Server\SolArc.RightAngle.Common.Integration.dll
		Dependencies\RightAngle\Server\SolArc.RightAngle.Common.Interfaces.dll = Dependencies\RightAngle\Server\SolArc.RightAngle.Common.Interfaces.dll
		Dependencies\RightAngle\Server\SolArc.RightAngle.Common.Interop.dll = Dependencies\RightAngle\Server\SolArc.RightAngle.Common.Interop.dll
		Dependencies\RightAngle\Server\SolArc.RightAngle.Common.Inventory.BusinessLogic.dll = Dependencies\RightAngle\Server\SolArc.RightAngle.Common.Inventory.BusinessLogic.dll
		Dependencies\RightAngle\Server\SolArc.RightAngle.Common.Inventory.dll = Dependencies\RightAngle\Server\SolArc.RightAngle.Common.Inventory.dll
		Dependencies\RightAngle\Server\SolArc.RightAngle.Common.Pricing.BusinessLogic.dll = Dependencies\RightAngle\Server\SolArc.RightAngle.Common.Pricing.BusinessLogic.dll
		Dependencies\RightAngle\Server\SolArc.RightAngle.Common.Pricing.dll = Dependencies\RightAngle\Server\SolArc.RightAngle.Common.Pricing.dll
		Dependencies\RightAngle\Server\SolArc.RightAngle.Common.ReferenceData.BusinessLogic.dll = Dependencies\RightAngle\Server\SolArc.RightAngle.Common.ReferenceData.BusinessLogic.dll
		Dependencies\RightAngle\Server\SolArc.RightAngle.Common.ReferenceData.dll = Dependencies\RightAngle\Server\SolArc.RightAngle.Common.ReferenceData.dll
		Dependencies\RightAngle\Server\SolArc.RightAngle.Common.Risk.dll = Dependencies\RightAngle\Server\SolArc.RightAngle.Common.Risk.dll
		Dependencies\RightAngle\Server\SolArc.RightAngle.Common.Scheduling.BusinessLogic.dll = Dependencies\RightAngle\Server\SolArc.RightAngle.Common.Scheduling.BusinessLogic.dll
		Dependencies\RightAngle\Server\SolArc.RightAngle.Common.Scheduling.dll = Dependencies\RightAngle\Server\SolArc.RightAngle.Common.Scheduling.dll
		Dependencies\RightAngle\Server\SolArc.RightAngle.Common.Tax.BusinessLogic.dll = Dependencies\RightAngle\Server\SolArc.RightAngle.Common.Tax.BusinessLogic.dll
		Dependencies\RightAngle\Server\SolArc.RightAngle.Common.Tax.dll = Dependencies\RightAngle\Server\SolArc.RightAngle.Common.Tax.dll
		Dependencies\RightAngle\Server\SolArc.RightAngle.Common.Trading.dll = Dependencies\RightAngle\Server\SolArc.RightAngle.Common.Trading.dll
		Dependencies\RightAngle\Server\SolArc.RightAngle.Common.Valuation.dll = Dependencies\RightAngle\Server\SolArc.RightAngle.Common.Valuation.dll
		Dependencies\RightAngle\Server\SolArc.RightAngle.RightAngleServices.dll = Dependencies\RightAngle\Server\SolArc.RightAngle.RightAngleServices.dll
		Dependencies\RightAngle\Server\SolArc.RightAngle.Server.Accounting.BusinessLogic.dll = Dependencies\RightAngle\Server\SolArc.RightAngle.Server.Accounting.BusinessLogic.dll
		Dependencies\RightAngle\Server\SolArc.RightAngle.Server.Accounting.DataAccess.dll = Dependencies\RightAngle\Server\SolArc.RightAngle.Server.Accounting.DataAccess.dll
		Dependencies\RightAngle\Server\SolArc.RightAngle.Server.Accounting.dll = Dependencies\RightAngle\Server\SolArc.RightAngle.Server.Accounting.dll
		Dependencies\RightAngle\Server\SolArc.RightAngle.Server.AssetManagement.BusinessLogic.dll = Dependencies\RightAngle\Server\SolArc.RightAngle.Server.AssetManagement.BusinessLogic.dll
		Dependencies\RightAngle\Server\SolArc.RightAngle.Server.AssetManagement.DataAccess.dll = Dependencies\RightAngle\Server\SolArc.RightAngle.Server.AssetManagement.DataAccess.dll
		Dependencies\RightAngle\Server\SolArc.RightAngle.Server.AssetManagement.dll = Dependencies\RightAngle\Server\SolArc.RightAngle.Server.AssetManagement.dll
		Dependencies\RightAngle\Server\SolArc.RightAngle.Server.Credit.BusinessLogic.dll = Dependencies\RightAngle\Server\SolArc.RightAngle.Server.Credit.BusinessLogic.dll
		Dependencies\RightAngle\Server\SolArc.RightAngle.Server.Credit.DataAccess.dll = Dependencies\RightAngle\Server\SolArc.RightAngle.Server.Credit.DataAccess.dll
		Dependencies\RightAngle\Server\SolArc.RightAngle.Server.Credit.dll = Dependencies\RightAngle\Server\SolArc.RightAngle.Server.Credit.dll
		Dependencies\RightAngle\Server\SolArc.RightAngle.Server.dll = Dependencies\RightAngle\Server\SolArc.RightAngle.Server.dll
		Dependencies\RightAngle\Server\SolArc.RightAngle.Server.DocumentManagement.BusinessLogic.dll = Dependencies\RightAngle\Server\SolArc.RightAngle.Server.DocumentManagement.BusinessLogic.dll
		Dependencies\RightAngle\Server\SolArc.RightAngle.Server.DocumentManagement.DataAccess.dll = Dependencies\RightAngle\Server\SolArc.RightAngle.Server.DocumentManagement.DataAccess.dll
		Dependencies\RightAngle\Server\SolArc.RightAngle.Server.DocumentManagement.dll = Dependencies\RightAngle\Server\SolArc.RightAngle.Server.DocumentManagement.dll
		Dependencies\RightAngle\Server\SolArc.RightAngle.Server.Integration.dll = Dependencies\RightAngle\Server\SolArc.RightAngle.Server.Integration.dll
		Dependencies\RightAngle\Server\SolArc.RightAngle.Server.Inventory.BusinessLogic.dll = Dependencies\RightAngle\Server\SolArc.RightAngle.Server.Inventory.BusinessLogic.dll
		Dependencies\RightAngle\Server\SolArc.RightAngle.Server.Inventory.DataAccess.dll = Dependencies\RightAngle\Server\SolArc.RightAngle.Server.Inventory.DataAccess.dll
		Dependencies\RightAngle\Server\SolArc.RightAngle.Server.Inventory.dll = Dependencies\RightAngle\Server\SolArc.RightAngle.Server.Inventory.dll
		Dependencies\RightAngle\Server\SolArc.RightAngle.Server.Pricing.BusinessLogic.dll = Dependencies\RightAngle\Server\SolArc.RightAngle.Server.Pricing.BusinessLogic.dll
		Dependencies\RightAngle\Server\SolArc.RightAngle.Server.Pricing.DataAccess.dll = Dependencies\RightAngle\Server\SolArc.RightAngle.Server.Pricing.DataAccess.dll
		Dependencies\RightAngle\Server\SolArc.RightAngle.Server.Pricing.dll = Dependencies\RightAngle\Server\SolArc.RightAngle.Server.Pricing.dll
		Dependencies\RightAngle\Server\SolArc.RightAngle.Server.ReferenceData.BusinessLogic.dll = Dependencies\RightAngle\Server\SolArc.RightAngle.Server.ReferenceData.BusinessLogic.dll
		Dependencies\RightAngle\Server\SolArc.RightAngle.Server.ReferenceData.DataAccess.dll = Dependencies\RightAngle\Server\SolArc.RightAngle.Server.ReferenceData.DataAccess.dll
		Dependencies\RightAngle\Server\SolArc.RightAngle.Server.ReferenceData.dll = Dependencies\RightAngle\Server\SolArc.RightAngle.Server.ReferenceData.dll
		Dependencies\RightAngle\Server\SolArc.RightAngle.Server.Risk.dll = Dependencies\RightAngle\Server\SolArc.RightAngle.Server.Risk.dll
		Dependencies\RightAngle\Server\SolArc.RightAngle.Server.Scheduling.BusinessLogic.dll = Dependencies\RightAngle\Server\SolArc.RightAngle.Server.Scheduling.BusinessLogic.dll
		Dependencies\RightAngle\Server\SolArc.RightAngle.Server.Scheduling.DataAccess.dll = Dependencies\RightAngle\Server\SolArc.RightAngle.Server.Scheduling.DataAccess.dll
		Dependencies\RightAngle\Server\SolArc.RightAngle.Server.Scheduling.dll = Dependencies\RightAngle\Server\SolArc.RightAngle.Server.Scheduling.dll
		Dependencies\RightAngle\Server\SolArc.RightAngle.Server.Tax.BusinessLogic.dll = Dependencies\RightAngle\Server\SolArc.RightAngle.Server.Tax.BusinessLogic.dll
		Dependencies\RightAngle\Server\SolArc.RightAngle.Server.Tax.DataAccess.dll = Dependencies\RightAngle\Server\SolArc.RightAngle.Server.Tax.DataAccess.dll
		Dependencies\RightAngle\Server\SolArc.RightAngle.Server.Tax.dll = Dependencies\RightAngle\Server\SolArc.RightAngle.Server.Tax.dll
		Dependencies\RightAngle\Server\SolArc.RightAngle.Server.Trading.dll = Dependencies\RightAngle\Server\SolArc.RightAngle.Server.Trading.dll
		Dependencies\RightAngle\Server\SolArc.RightAngle.Server.Valuation.dll = Dependencies\RightAngle\Server\SolArc.RightAngle.Server.Valuation.dll
		Dependencies\RightAngle\Server\SolArc.RightAngle.Workflow.dll = Dependencies\RightAngle\Server\SolArc.RightAngle.Workflow.dll
	EndProjectSection
EndProject
Global
	GlobalSection(SolutionConfigurationPlatforms) = preSolution
		Debug|Any CPU = Debug|Any CPU
		Debug|ARM = Debug|ARM
		Debug|x64 = Debug|x64
		Debug|x86 = Debug|x86
		Release|Any CPU = Release|Any CPU
		Release|ARM = Release|ARM
		Release|x64 = Release|x64
		Release|x86 = Release|x86
	EndGlobalSection
	GlobalSection(ProjectConfigurationPlatforms) = postSolution
		{C6BF2266-E469-423E-A0DE-21C09AFD7C1B}.Debug|Any CPU.ActiveCfg = Debug|Any CPU
		{C6BF2266-E469-423E-A0DE-21C09AFD7C1B}.Debug|Any CPU.Build.0 = Debug|Any CPU
		{C6BF2266-E469-423E-A0DE-21C09AFD7C1B}.Debug|ARM.ActiveCfg = Debug|Any CPU
		{C6BF2266-E469-423E-A0DE-21C09AFD7C1B}.Debug|x64.ActiveCfg = Debug|Any CPU
		{C6BF2266-E469-423E-A0DE-21C09AFD7C1B}.Debug|x86.ActiveCfg = Debug|Any CPU
		{C6BF2266-E469-423E-A0DE-21C09AFD7C1B}.Release|Any CPU.ActiveCfg = Release|Any CPU
		{C6BF2266-E469-423E-A0DE-21C09AFD7C1B}.Release|Any CPU.Build.0 = Release|Any CPU
		{C6BF2266-E469-423E-A0DE-21C09AFD7C1B}.Release|ARM.ActiveCfg = Release|Any CPU
		{C6BF2266-E469-423E-A0DE-21C09AFD7C1B}.Release|x64.ActiveCfg = Release|Any CPU
		{C6BF2266-E469-423E-A0DE-21C09AFD7C1B}.Release|x86.ActiveCfg = Release|Any CPU
		{A2AC2B6C-D511-4B70-B98F-493ACA855157}.Debug|Any CPU.ActiveCfg = Debug|Any CPU
		{A2AC2B6C-D511-4B70-B98F-493ACA855157}.Debug|Any CPU.Build.0 = Debug|Any CPU
		{A2AC2B6C-D511-4B70-B98F-493ACA855157}.Debug|ARM.ActiveCfg = Debug|Any CPU
		{A2AC2B6C-D511-4B70-B98F-493ACA855157}.Debug|x64.ActiveCfg = Debug|Any CPU
		{A2AC2B6C-D511-4B70-B98F-493ACA855157}.Debug|x86.ActiveCfg = Debug|Any CPU
		{A2AC2B6C-D511-4B70-B98F-493ACA855157}.Release|Any CPU.ActiveCfg = Release|Any CPU
		{A2AC2B6C-D511-4B70-B98F-493ACA855157}.Release|Any CPU.Build.0 = Release|Any CPU
		{A2AC2B6C-D511-4B70-B98F-493ACA855157}.Release|ARM.ActiveCfg = Release|Any CPU
		{A2AC2B6C-D511-4B70-B98F-493ACA855157}.Release|x64.ActiveCfg = Release|Any CPU
		{A2AC2B6C-D511-4B70-B98F-493ACA855157}.Release|x86.ActiveCfg = Release|Any CPU
		{AF62C77D-E9AC-4F72-AAB2-88D0F1899F3F}.Debug|Any CPU.ActiveCfg = Debug|Any CPU
		{AF62C77D-E9AC-4F72-AAB2-88D0F1899F3F}.Debug|Any CPU.Build.0 = Debug|Any CPU
		{AF62C77D-E9AC-4F72-AAB2-88D0F1899F3F}.Debug|ARM.ActiveCfg = Debug|Any CPU
		{AF62C77D-E9AC-4F72-AAB2-88D0F1899F3F}.Debug|x64.ActiveCfg = Debug|Any CPU
		{AF62C77D-E9AC-4F72-AAB2-88D0F1899F3F}.Debug|x86.ActiveCfg = Debug|Any CPU
		{AF62C77D-E9AC-4F72-AAB2-88D0F1899F3F}.Release|Any CPU.ActiveCfg = Release|Any CPU
		{AF62C77D-E9AC-4F72-AAB2-88D0F1899F3F}.Release|Any CPU.Build.0 = Release|Any CPU
		{AF62C77D-E9AC-4F72-AAB2-88D0F1899F3F}.Release|ARM.ActiveCfg = Release|Any CPU
		{AF62C77D-E9AC-4F72-AAB2-88D0F1899F3F}.Release|x64.ActiveCfg = Release|Any CPU
		{AF62C77D-E9AC-4F72-AAB2-88D0F1899F3F}.Release|x86.ActiveCfg = Release|Any CPU
		{4E25ACE3-485B-4D2E-B806-81B0D91D4101}.Debug|Any CPU.ActiveCfg = Debug|Any CPU
		{4E25ACE3-485B-4D2E-B806-81B0D91D4101}.Debug|Any CPU.Build.0 = Debug|Any CPU
		{4E25ACE3-485B-4D2E-B806-81B0D91D4101}.Debug|ARM.ActiveCfg = Debug|Any CPU
		{4E25ACE3-485B-4D2E-B806-81B0D91D4101}.Debug|x64.ActiveCfg = Debug|Any CPU
		{4E25ACE3-485B-4D2E-B806-81B0D91D4101}.Debug|x86.ActiveCfg = Debug|Any CPU
		{4E25ACE3-485B-4D2E-B806-81B0D91D4101}.Release|Any CPU.ActiveCfg = Release|Any CPU
		{4E25ACE3-485B-4D2E-B806-81B0D91D4101}.Release|Any CPU.Build.0 = Release|Any CPU
		{4E25ACE3-485B-4D2E-B806-81B0D91D4101}.Release|ARM.ActiveCfg = Release|Any CPU
		{4E25ACE3-485B-4D2E-B806-81B0D91D4101}.Release|x64.ActiveCfg = Release|Any CPU
		{4E25ACE3-485B-4D2E-B806-81B0D91D4101}.Release|x86.ActiveCfg = Release|Any CPU
		{B5ACBDE1-7E84-437A-8AFE-8BC777436767}.Debug|Any CPU.ActiveCfg = Debug|Any CPU
		{B5ACBDE1-7E84-437A-8AFE-8BC777436767}.Debug|Any CPU.Build.0 = Debug|Any CPU
		{B5ACBDE1-7E84-437A-8AFE-8BC777436767}.Debug|ARM.ActiveCfg = Debug|Any CPU
		{B5ACBDE1-7E84-437A-8AFE-8BC777436767}.Debug|x64.ActiveCfg = Debug|Any CPU
		{B5ACBDE1-7E84-437A-8AFE-8BC777436767}.Debug|x86.ActiveCfg = Debug|Any CPU
		{B5ACBDE1-7E84-437A-8AFE-8BC777436767}.Release|Any CPU.ActiveCfg = Release|Any CPU
		{B5ACBDE1-7E84-437A-8AFE-8BC777436767}.Release|ARM.ActiveCfg = Release|Any CPU
		{B5ACBDE1-7E84-437A-8AFE-8BC777436767}.Release|x64.ActiveCfg = Release|Any CPU
		{B5ACBDE1-7E84-437A-8AFE-8BC777436767}.Release|x86.ActiveCfg = Release|Any CPU
		{E82285EB-CCD5-40EB-B1FE-64443EEDF6DC}.Debug|Any CPU.ActiveCfg = Debug|Any CPU
		{E82285EB-CCD5-40EB-B1FE-64443EEDF6DC}.Debug|Any CPU.Build.0 = Debug|Any CPU
		{E82285EB-CCD5-40EB-B1FE-64443EEDF6DC}.Debug|ARM.ActiveCfg = Debug|Any CPU
		{E82285EB-CCD5-40EB-B1FE-64443EEDF6DC}.Debug|ARM.Build.0 = Debug|Any CPU
		{E82285EB-CCD5-40EB-B1FE-64443EEDF6DC}.Debug|x64.ActiveCfg = Debug|Any CPU
		{E82285EB-CCD5-40EB-B1FE-64443EEDF6DC}.Debug|x64.Build.0 = Debug|Any CPU
		{E82285EB-CCD5-40EB-B1FE-64443EEDF6DC}.Debug|x86.ActiveCfg = Debug|Any CPU
		{E82285EB-CCD5-40EB-B1FE-64443EEDF6DC}.Debug|x86.Build.0 = Debug|Any CPU
		{E82285EB-CCD5-40EB-B1FE-64443EEDF6DC}.Release|Any CPU.ActiveCfg = Release|Any CPU
		{E82285EB-CCD5-40EB-B1FE-64443EEDF6DC}.Release|Any CPU.Build.0 = Release|Any CPU
		{E82285EB-CCD5-40EB-B1FE-64443EEDF6DC}.Release|ARM.ActiveCfg = Release|Any CPU
		{E82285EB-CCD5-40EB-B1FE-64443EEDF6DC}.Release|ARM.Build.0 = Release|Any CPU
		{E82285EB-CCD5-40EB-B1FE-64443EEDF6DC}.Release|x64.ActiveCfg = Release|Any CPU
		{E82285EB-CCD5-40EB-B1FE-64443EEDF6DC}.Release|x64.Build.0 = Release|Any CPU
		{E82285EB-CCD5-40EB-B1FE-64443EEDF6DC}.Release|x86.ActiveCfg = Release|Any CPU
		{E82285EB-CCD5-40EB-B1FE-64443EEDF6DC}.Release|x86.Build.0 = Release|Any CPU
		{6B9B626B-EDDD-4E97-9DC9-8B92F63D80E6}.Debug|Any CPU.ActiveCfg = Debug|Any CPU
		{6B9B626B-EDDD-4E97-9DC9-8B92F63D80E6}.Debug|Any CPU.Build.0 = Debug|Any CPU
		{6B9B626B-EDDD-4E97-9DC9-8B92F63D80E6}.Debug|ARM.ActiveCfg = Debug|Any CPU
		{6B9B626B-EDDD-4E97-9DC9-8B92F63D80E6}.Debug|ARM.Build.0 = Debug|Any CPU
		{6B9B626B-EDDD-4E97-9DC9-8B92F63D80E6}.Debug|x64.ActiveCfg = Debug|Any CPU
		{6B9B626B-EDDD-4E97-9DC9-8B92F63D80E6}.Debug|x64.Build.0 = Debug|Any CPU
		{6B9B626B-EDDD-4E97-9DC9-8B92F63D80E6}.Debug|x86.ActiveCfg = Debug|Any CPU
		{6B9B626B-EDDD-4E97-9DC9-8B92F63D80E6}.Debug|x86.Build.0 = Debug|Any CPU
		{6B9B626B-EDDD-4E97-9DC9-8B92F63D80E6}.Release|Any CPU.ActiveCfg = Release|Any CPU
		{6B9B626B-EDDD-4E97-9DC9-8B92F63D80E6}.Release|Any CPU.Build.0 = Release|Any CPU
		{6B9B626B-EDDD-4E97-9DC9-8B92F63D80E6}.Release|ARM.ActiveCfg = Release|Any CPU
		{6B9B626B-EDDD-4E97-9DC9-8B92F63D80E6}.Release|ARM.Build.0 = Release|Any CPU
		{6B9B626B-EDDD-4E97-9DC9-8B92F63D80E6}.Release|x64.ActiveCfg = Release|Any CPU
		{6B9B626B-EDDD-4E97-9DC9-8B92F63D80E6}.Release|x64.Build.0 = Release|Any CPU
		{6B9B626B-EDDD-4E97-9DC9-8B92F63D80E6}.Release|x86.ActiveCfg = Release|Any CPU
		{6B9B626B-EDDD-4E97-9DC9-8B92F63D80E6}.Release|x86.Build.0 = Release|Any CPU
		{D7D0704A-BFBD-4AC4-841A-61C30F35F2DB}.Debug|Any CPU.ActiveCfg = Debug|Any CPU
		{D7D0704A-BFBD-4AC4-841A-61C30F35F2DB}.Debug|Any CPU.Build.0 = Debug|Any CPU
		{D7D0704A-BFBD-4AC4-841A-61C30F35F2DB}.Debug|ARM.ActiveCfg = Debug|Any CPU
		{D7D0704A-BFBD-4AC4-841A-61C30F35F2DB}.Debug|ARM.Build.0 = Debug|Any CPU
		{D7D0704A-BFBD-4AC4-841A-61C30F35F2DB}.Debug|x64.ActiveCfg = Debug|Any CPU
		{D7D0704A-BFBD-4AC4-841A-61C30F35F2DB}.Debug|x64.Build.0 = Debug|Any CPU
		{D7D0704A-BFBD-4AC4-841A-61C30F35F2DB}.Debug|x86.ActiveCfg = Debug|Any CPU
		{D7D0704A-BFBD-4AC4-841A-61C30F35F2DB}.Debug|x86.Build.0 = Debug|Any CPU
		{D7D0704A-BFBD-4AC4-841A-61C30F35F2DB}.Release|Any CPU.ActiveCfg = Release|Any CPU
		{D7D0704A-BFBD-4AC4-841A-61C30F35F2DB}.Release|Any CPU.Build.0 = Release|Any CPU
		{D7D0704A-BFBD-4AC4-841A-61C30F35F2DB}.Release|ARM.ActiveCfg = Release|Any CPU
		{D7D0704A-BFBD-4AC4-841A-61C30F35F2DB}.Release|ARM.Build.0 = Release|Any CPU
		{D7D0704A-BFBD-4AC4-841A-61C30F35F2DB}.Release|x64.ActiveCfg = Release|Any CPU
		{D7D0704A-BFBD-4AC4-841A-61C30F35F2DB}.Release|x64.Build.0 = Release|Any CPU
		{D7D0704A-BFBD-4AC4-841A-61C30F35F2DB}.Release|x86.ActiveCfg = Release|Any CPU
		{D7D0704A-BFBD-4AC4-841A-61C30F35F2DB}.Release|x86.Build.0 = Release|Any CPU
		{EBDA2D38-47DC-45F0-8507-53BEB8DA1E65}.Debug|Any CPU.ActiveCfg = Debug|Any CPU
		{EBDA2D38-47DC-45F0-8507-53BEB8DA1E65}.Debug|Any CPU.Build.0 = Debug|Any CPU
		{EBDA2D38-47DC-45F0-8507-53BEB8DA1E65}.Debug|ARM.ActiveCfg = Debug|Any CPU
		{EBDA2D38-47DC-45F0-8507-53BEB8DA1E65}.Debug|ARM.Build.0 = Debug|Any CPU
		{EBDA2D38-47DC-45F0-8507-53BEB8DA1E65}.Debug|x64.ActiveCfg = Debug|Any CPU
		{EBDA2D38-47DC-45F0-8507-53BEB8DA1E65}.Debug|x64.Build.0 = Debug|Any CPU
		{EBDA2D38-47DC-45F0-8507-53BEB8DA1E65}.Debug|x86.ActiveCfg = Debug|Any CPU
		{EBDA2D38-47DC-45F0-8507-53BEB8DA1E65}.Debug|x86.Build.0 = Debug|Any CPU
		{EBDA2D38-47DC-45F0-8507-53BEB8DA1E65}.Release|Any CPU.ActiveCfg = Release|Any CPU
		{EBDA2D38-47DC-45F0-8507-53BEB8DA1E65}.Release|Any CPU.Build.0 = Release|Any CPU
		{EBDA2D38-47DC-45F0-8507-53BEB8DA1E65}.Release|ARM.ActiveCfg = Release|Any CPU
		{EBDA2D38-47DC-45F0-8507-53BEB8DA1E65}.Release|ARM.Build.0 = Release|Any CPU
		{EBDA2D38-47DC-45F0-8507-53BEB8DA1E65}.Release|x64.ActiveCfg = Release|Any CPU
		{EBDA2D38-47DC-45F0-8507-53BEB8DA1E65}.Release|x64.Build.0 = Release|Any CPU
		{EBDA2D38-47DC-45F0-8507-53BEB8DA1E65}.Release|x86.ActiveCfg = Release|Any CPU
		{EBDA2D38-47DC-45F0-8507-53BEB8DA1E65}.Release|x86.Build.0 = Release|Any CPU
		{14C79EBB-EA78-4D06-89DB-9549EE076DD4}.Debug|Any CPU.ActiveCfg = Debug|Any CPU
		{14C79EBB-EA78-4D06-89DB-9549EE076DD4}.Debug|Any CPU.Build.0 = Debug|Any CPU
		{14C79EBB-EA78-4D06-89DB-9549EE076DD4}.Debug|ARM.ActiveCfg = Debug|Any CPU
		{14C79EBB-EA78-4D06-89DB-9549EE076DD4}.Debug|ARM.Build.0 = Debug|Any CPU
		{14C79EBB-EA78-4D06-89DB-9549EE076DD4}.Debug|x64.ActiveCfg = Debug|Any CPU
		{14C79EBB-EA78-4D06-89DB-9549EE076DD4}.Debug|x64.Build.0 = Debug|Any CPU
		{14C79EBB-EA78-4D06-89DB-9549EE076DD4}.Debug|x86.ActiveCfg = Debug|Any CPU
		{14C79EBB-EA78-4D06-89DB-9549EE076DD4}.Debug|x86.Build.0 = Debug|Any CPU
		{14C79EBB-EA78-4D06-89DB-9549EE076DD4}.Release|Any CPU.ActiveCfg = Release|Any CPU
		{14C79EBB-EA78-4D06-89DB-9549EE076DD4}.Release|Any CPU.Build.0 = Release|Any CPU
		{14C79EBB-EA78-4D06-89DB-9549EE076DD4}.Release|ARM.ActiveCfg = Release|Any CPU
		{14C79EBB-EA78-4D06-89DB-9549EE076DD4}.Release|ARM.Build.0 = Release|Any CPU
		{14C79EBB-EA78-4D06-89DB-9549EE076DD4}.Release|x64.ActiveCfg = Release|Any CPU
		{14C79EBB-EA78-4D06-89DB-9549EE076DD4}.Release|x64.Build.0 = Release|Any CPU
		{14C79EBB-EA78-4D06-89DB-9549EE076DD4}.Release|x86.ActiveCfg = Release|Any CPU
		{14C79EBB-EA78-4D06-89DB-9549EE076DD4}.Release|x86.Build.0 = Release|Any CPU
		{12B443AA-0AED-450A-9F07-D07D644FF473}.Debug|Any CPU.ActiveCfg = Debug|Any CPU
		{12B443AA-0AED-450A-9F07-D07D644FF473}.Debug|Any CPU.Build.0 = Debug|Any CPU
		{12B443AA-0AED-450A-9F07-D07D644FF473}.Debug|ARM.ActiveCfg = Debug|Any CPU
		{12B443AA-0AED-450A-9F07-D07D644FF473}.Debug|ARM.Build.0 = Debug|Any CPU
		{12B443AA-0AED-450A-9F07-D07D644FF473}.Debug|x64.ActiveCfg = Debug|Any CPU
		{12B443AA-0AED-450A-9F07-D07D644FF473}.Debug|x64.Build.0 = Debug|Any CPU
		{12B443AA-0AED-450A-9F07-D07D644FF473}.Debug|x86.ActiveCfg = Debug|Any CPU
		{12B443AA-0AED-450A-9F07-D07D644FF473}.Debug|x86.Build.0 = Debug|Any CPU
		{12B443AA-0AED-450A-9F07-D07D644FF473}.Release|Any CPU.ActiveCfg = Release|Any CPU
		{12B443AA-0AED-450A-9F07-D07D644FF473}.Release|Any CPU.Build.0 = Release|Any CPU
		{12B443AA-0AED-450A-9F07-D07D644FF473}.Release|ARM.ActiveCfg = Release|Any CPU
		{12B443AA-0AED-450A-9F07-D07D644FF473}.Release|ARM.Build.0 = Release|Any CPU
		{12B443AA-0AED-450A-9F07-D07D644FF473}.Release|x64.ActiveCfg = Release|Any CPU
		{12B443AA-0AED-450A-9F07-D07D644FF473}.Release|x64.Build.0 = Release|Any CPU
		{12B443AA-0AED-450A-9F07-D07D644FF473}.Release|x86.ActiveCfg = Release|Any CPU
		{12B443AA-0AED-450A-9F07-D07D644FF473}.Release|x86.Build.0 = Release|Any CPU
		{4F788A31-273A-4657-B909-E063C69D7381}.Debug|Any CPU.ActiveCfg = Debug|Any CPU
		{4F788A31-273A-4657-B909-E063C69D7381}.Debug|Any CPU.Build.0 = Debug|Any CPU
		{4F788A31-273A-4657-B909-E063C69D7381}.Debug|ARM.ActiveCfg = Debug|Any CPU
		{4F788A31-273A-4657-B909-E063C69D7381}.Debug|ARM.Build.0 = Debug|Any CPU
		{4F788A31-273A-4657-B909-E063C69D7381}.Debug|x64.ActiveCfg = Debug|Any CPU
		{4F788A31-273A-4657-B909-E063C69D7381}.Debug|x64.Build.0 = Debug|Any CPU
		{4F788A31-273A-4657-B909-E063C69D7381}.Debug|x86.ActiveCfg = Debug|Any CPU
		{4F788A31-273A-4657-B909-E063C69D7381}.Debug|x86.Build.0 = Debug|Any CPU
		{4F788A31-273A-4657-B909-E063C69D7381}.Release|Any CPU.ActiveCfg = Release|Any CPU
		{4F788A31-273A-4657-B909-E063C69D7381}.Release|Any CPU.Build.0 = Release|Any CPU
		{4F788A31-273A-4657-B909-E063C69D7381}.Release|ARM.ActiveCfg = Release|Any CPU
		{4F788A31-273A-4657-B909-E063C69D7381}.Release|ARM.Build.0 = Release|Any CPU
		{4F788A31-273A-4657-B909-E063C69D7381}.Release|x64.ActiveCfg = Release|Any CPU
		{4F788A31-273A-4657-B909-E063C69D7381}.Release|x64.Build.0 = Release|Any CPU
		{4F788A31-273A-4657-B909-E063C69D7381}.Release|x86.ActiveCfg = Release|Any CPU
		{4F788A31-273A-4657-B909-E063C69D7381}.Release|x86.Build.0 = Release|Any CPU
		{3BB0ABDA-C273-4C16-BB81-C73157A6DE9E}.Debug|Any CPU.ActiveCfg = Debug|Any CPU
		{3BB0ABDA-C273-4C16-BB81-C73157A6DE9E}.Debug|Any CPU.Build.0 = Debug|Any CPU
		{3BB0ABDA-C273-4C16-BB81-C73157A6DE9E}.Debug|ARM.ActiveCfg = Debug|Any CPU
		{3BB0ABDA-C273-4C16-BB81-C73157A6DE9E}.Debug|ARM.Build.0 = Debug|Any CPU
		{3BB0ABDA-C273-4C16-BB81-C73157A6DE9E}.Debug|x64.ActiveCfg = Debug|Any CPU
		{3BB0ABDA-C273-4C16-BB81-C73157A6DE9E}.Debug|x64.Build.0 = Debug|Any CPU
		{3BB0ABDA-C273-4C16-BB81-C73157A6DE9E}.Debug|x86.ActiveCfg = Debug|Any CPU
		{3BB0ABDA-C273-4C16-BB81-C73157A6DE9E}.Debug|x86.Build.0 = Debug|Any CPU
		{3BB0ABDA-C273-4C16-BB81-C73157A6DE9E}.Release|Any CPU.ActiveCfg = Release|Any CPU
		{3BB0ABDA-C273-4C16-BB81-C73157A6DE9E}.Release|Any CPU.Build.0 = Release|Any CPU
		{3BB0ABDA-C273-4C16-BB81-C73157A6DE9E}.Release|ARM.ActiveCfg = Release|Any CPU
		{3BB0ABDA-C273-4C16-BB81-C73157A6DE9E}.Release|ARM.Build.0 = Release|Any CPU
		{3BB0ABDA-C273-4C16-BB81-C73157A6DE9E}.Release|x64.ActiveCfg = Release|Any CPU
		{3BB0ABDA-C273-4C16-BB81-C73157A6DE9E}.Release|x64.Build.0 = Release|Any CPU
		{3BB0ABDA-C273-4C16-BB81-C73157A6DE9E}.Release|x86.ActiveCfg = Release|Any CPU
		{3BB0ABDA-C273-4C16-BB81-C73157A6DE9E}.Release|x86.Build.0 = Release|Any CPU
		{193BBBFD-C52B-400E-9165-B6C85A9E990F}.Debug|Any CPU.ActiveCfg = Debug|Any CPU
		{193BBBFD-C52B-400E-9165-B6C85A9E990F}.Debug|Any CPU.Build.0 = Debug|Any CPU
		{193BBBFD-C52B-400E-9165-B6C85A9E990F}.Debug|ARM.ActiveCfg = Debug|Any CPU
		{193BBBFD-C52B-400E-9165-B6C85A9E990F}.Debug|ARM.Build.0 = Debug|Any CPU
		{193BBBFD-C52B-400E-9165-B6C85A9E990F}.Debug|x64.ActiveCfg = Debug|Any CPU
		{193BBBFD-C52B-400E-9165-B6C85A9E990F}.Debug|x64.Build.0 = Debug|Any CPU
		{193BBBFD-C52B-400E-9165-B6C85A9E990F}.Debug|x86.ActiveCfg = Debug|Any CPU
		{193BBBFD-C52B-400E-9165-B6C85A9E990F}.Debug|x86.Build.0 = Debug|Any CPU
		{193BBBFD-C52B-400E-9165-B6C85A9E990F}.Release|Any CPU.ActiveCfg = Release|Any CPU
		{193BBBFD-C52B-400E-9165-B6C85A9E990F}.Release|Any CPU.Build.0 = Release|Any CPU
		{193BBBFD-C52B-400E-9165-B6C85A9E990F}.Release|ARM.ActiveCfg = Release|Any CPU
		{193BBBFD-C52B-400E-9165-B6C85A9E990F}.Release|ARM.Build.0 = Release|Any CPU
		{193BBBFD-C52B-400E-9165-B6C85A9E990F}.Release|x64.ActiveCfg = Release|Any CPU
		{193BBBFD-C52B-400E-9165-B6C85A9E990F}.Release|x64.Build.0 = Release|Any CPU
		{193BBBFD-C52B-400E-9165-B6C85A9E990F}.Release|x86.ActiveCfg = Release|Any CPU
		{193BBBFD-C52B-400E-9165-B6C85A9E990F}.Release|x86.Build.0 = Release|Any CPU
		{3DC8272B-EEF6-4FD7-9860-53C31946D62D}.Debug|Any CPU.ActiveCfg = Debug|Any CPU
		{3DC8272B-EEF6-4FD7-9860-53C31946D62D}.Debug|Any CPU.Build.0 = Debug|Any CPU
		{3DC8272B-EEF6-4FD7-9860-53C31946D62D}.Debug|ARM.ActiveCfg = Debug|Any CPU
		{3DC8272B-EEF6-4FD7-9860-53C31946D62D}.Debug|ARM.Build.0 = Debug|Any CPU
		{3DC8272B-EEF6-4FD7-9860-53C31946D62D}.Debug|x64.ActiveCfg = Debug|Any CPU
		{3DC8272B-EEF6-4FD7-9860-53C31946D62D}.Debug|x64.Build.0 = Debug|Any CPU
		{3DC8272B-EEF6-4FD7-9860-53C31946D62D}.Debug|x86.ActiveCfg = Debug|Any CPU
		{3DC8272B-EEF6-4FD7-9860-53C31946D62D}.Debug|x86.Build.0 = Debug|Any CPU
		{3DC8272B-EEF6-4FD7-9860-53C31946D62D}.Release|Any CPU.ActiveCfg = Release|Any CPU
		{3DC8272B-EEF6-4FD7-9860-53C31946D62D}.Release|Any CPU.Build.0 = Release|Any CPU
		{3DC8272B-EEF6-4FD7-9860-53C31946D62D}.Release|ARM.ActiveCfg = Release|Any CPU
		{3DC8272B-EEF6-4FD7-9860-53C31946D62D}.Release|ARM.Build.0 = Release|Any CPU
		{3DC8272B-EEF6-4FD7-9860-53C31946D62D}.Release|x64.ActiveCfg = Release|Any CPU
		{3DC8272B-EEF6-4FD7-9860-53C31946D62D}.Release|x64.Build.0 = Release|Any CPU
		{3DC8272B-EEF6-4FD7-9860-53C31946D62D}.Release|x86.ActiveCfg = Release|Any CPU
		{3DC8272B-EEF6-4FD7-9860-53C31946D62D}.Release|x86.Build.0 = Release|Any CPU
		{7777AE36-7883-4149-A355-8E3DC8099490}.Debug|Any CPU.ActiveCfg = Debug|Any CPU
		{7777AE36-7883-4149-A355-8E3DC8099490}.Debug|Any CPU.Build.0 = Debug|Any CPU
		{7777AE36-7883-4149-A355-8E3DC8099490}.Debug|ARM.ActiveCfg = Debug|Any CPU
		{7777AE36-7883-4149-A355-8E3DC8099490}.Debug|ARM.Build.0 = Debug|Any CPU
		{7777AE36-7883-4149-A355-8E3DC8099490}.Debug|x64.ActiveCfg = Debug|Any CPU
		{7777AE36-7883-4149-A355-8E3DC8099490}.Debug|x64.Build.0 = Debug|Any CPU
		{7777AE36-7883-4149-A355-8E3DC8099490}.Debug|x86.ActiveCfg = Debug|Any CPU
		{7777AE36-7883-4149-A355-8E3DC8099490}.Debug|x86.Build.0 = Debug|Any CPU
		{7777AE36-7883-4149-A355-8E3DC8099490}.Release|Any CPU.ActiveCfg = Release|Any CPU
		{7777AE36-7883-4149-A355-8E3DC8099490}.Release|Any CPU.Build.0 = Release|Any CPU
		{7777AE36-7883-4149-A355-8E3DC8099490}.Release|ARM.ActiveCfg = Release|Any CPU
		{7777AE36-7883-4149-A355-8E3DC8099490}.Release|ARM.Build.0 = Release|Any CPU
		{7777AE36-7883-4149-A355-8E3DC8099490}.Release|x64.ActiveCfg = Release|Any CPU
		{7777AE36-7883-4149-A355-8E3DC8099490}.Release|x64.Build.0 = Release|Any CPU
		{7777AE36-7883-4149-A355-8E3DC8099490}.Release|x86.ActiveCfg = Release|Any CPU
		{7777AE36-7883-4149-A355-8E3DC8099490}.Release|x86.Build.0 = Release|Any CPU
		{2A0D2DCA-05A2-43E6-BC72-B96444C21F59}.Debug|Any CPU.ActiveCfg = Debug|Any CPU
		{2A0D2DCA-05A2-43E6-BC72-B96444C21F59}.Debug|Any CPU.Build.0 = Debug|Any CPU
		{2A0D2DCA-05A2-43E6-BC72-B96444C21F59}.Debug|ARM.ActiveCfg = Debug|Any CPU
		{2A0D2DCA-05A2-43E6-BC72-B96444C21F59}.Debug|ARM.Build.0 = Debug|Any CPU
		{2A0D2DCA-05A2-43E6-BC72-B96444C21F59}.Debug|x64.ActiveCfg = Debug|Any CPU
		{2A0D2DCA-05A2-43E6-BC72-B96444C21F59}.Debug|x64.Build.0 = Debug|Any CPU
		{2A0D2DCA-05A2-43E6-BC72-B96444C21F59}.Debug|x86.ActiveCfg = Debug|Any CPU
		{2A0D2DCA-05A2-43E6-BC72-B96444C21F59}.Debug|x86.Build.0 = Debug|Any CPU
		{2A0D2DCA-05A2-43E6-BC72-B96444C21F59}.Release|Any CPU.ActiveCfg = Release|Any CPU
		{2A0D2DCA-05A2-43E6-BC72-B96444C21F59}.Release|Any CPU.Build.0 = Release|Any CPU
		{2A0D2DCA-05A2-43E6-BC72-B96444C21F59}.Release|ARM.ActiveCfg = Release|Any CPU
		{2A0D2DCA-05A2-43E6-BC72-B96444C21F59}.Release|ARM.Build.0 = Release|Any CPU
		{2A0D2DCA-05A2-43E6-BC72-B96444C21F59}.Release|x64.ActiveCfg = Release|Any CPU
		{2A0D2DCA-05A2-43E6-BC72-B96444C21F59}.Release|x64.Build.0 = Release|Any CPU
		{2A0D2DCA-05A2-43E6-BC72-B96444C21F59}.Release|x86.ActiveCfg = Release|Any CPU
		{2A0D2DCA-05A2-43E6-BC72-B96444C21F59}.Release|x86.Build.0 = Release|Any CPU
		{A13A9026-BED8-495F-AA81-0C44B1A5FC0B}.Debug|Any CPU.ActiveCfg = Debug|Any CPU
		{A13A9026-BED8-495F-AA81-0C44B1A5FC0B}.Debug|Any CPU.Build.0 = Debug|Any CPU
		{A13A9026-BED8-495F-AA81-0C44B1A5FC0B}.Debug|ARM.ActiveCfg = Debug|Any CPU
		{A13A9026-BED8-495F-AA81-0C44B1A5FC0B}.Debug|ARM.Build.0 = Debug|Any CPU
		{A13A9026-BED8-495F-AA81-0C44B1A5FC0B}.Debug|x64.ActiveCfg = Debug|Any CPU
		{A13A9026-BED8-495F-AA81-0C44B1A5FC0B}.Debug|x64.Build.0 = Debug|Any CPU
		{A13A9026-BED8-495F-AA81-0C44B1A5FC0B}.Debug|x86.ActiveCfg = Debug|Any CPU
		{A13A9026-BED8-495F-AA81-0C44B1A5FC0B}.Debug|x86.Build.0 = Debug|Any CPU
		{A13A9026-BED8-495F-AA81-0C44B1A5FC0B}.Release|Any CPU.ActiveCfg = Release|Any CPU
		{A13A9026-BED8-495F-AA81-0C44B1A5FC0B}.Release|Any CPU.Build.0 = Release|Any CPU
		{A13A9026-BED8-495F-AA81-0C44B1A5FC0B}.Release|ARM.ActiveCfg = Release|Any CPU
		{A13A9026-BED8-495F-AA81-0C44B1A5FC0B}.Release|ARM.Build.0 = Release|Any CPU
		{A13A9026-BED8-495F-AA81-0C44B1A5FC0B}.Release|x64.ActiveCfg = Release|Any CPU
		{A13A9026-BED8-495F-AA81-0C44B1A5FC0B}.Release|x64.Build.0 = Release|Any CPU
		{A13A9026-BED8-495F-AA81-0C44B1A5FC0B}.Release|x86.ActiveCfg = Release|Any CPU
		{A13A9026-BED8-495F-AA81-0C44B1A5FC0B}.Release|x86.Build.0 = Release|Any CPU
		{483AC63A-9E74-4A24-8681-5D4978BDD01D}.Debug|Any CPU.ActiveCfg = Debug|Any CPU
		{483AC63A-9E74-4A24-8681-5D4978BDD01D}.Debug|Any CPU.Build.0 = Debug|Any CPU
		{483AC63A-9E74-4A24-8681-5D4978BDD01D}.Debug|ARM.ActiveCfg = Debug|Any CPU
		{483AC63A-9E74-4A24-8681-5D4978BDD01D}.Debug|ARM.Build.0 = Debug|Any CPU
		{483AC63A-9E74-4A24-8681-5D4978BDD01D}.Debug|x64.ActiveCfg = Debug|Any CPU
		{483AC63A-9E74-4A24-8681-5D4978BDD01D}.Debug|x64.Build.0 = Debug|Any CPU
		{483AC63A-9E74-4A24-8681-5D4978BDD01D}.Debug|x86.ActiveCfg = Debug|Any CPU
		{483AC63A-9E74-4A24-8681-5D4978BDD01D}.Debug|x86.Build.0 = Debug|Any CPU
		{483AC63A-9E74-4A24-8681-5D4978BDD01D}.Release|Any CPU.ActiveCfg = Release|Any CPU
		{483AC63A-9E74-4A24-8681-5D4978BDD01D}.Release|Any CPU.Build.0 = Release|Any CPU
		{483AC63A-9E74-4A24-8681-5D4978BDD01D}.Release|ARM.ActiveCfg = Release|Any CPU
		{483AC63A-9E74-4A24-8681-5D4978BDD01D}.Release|ARM.Build.0 = Release|Any CPU
		{483AC63A-9E74-4A24-8681-5D4978BDD01D}.Release|x64.ActiveCfg = Release|Any CPU
		{483AC63A-9E74-4A24-8681-5D4978BDD01D}.Release|x64.Build.0 = Release|Any CPU
		{483AC63A-9E74-4A24-8681-5D4978BDD01D}.Release|x86.ActiveCfg = Release|Any CPU
		{483AC63A-9E74-4A24-8681-5D4978BDD01D}.Release|x86.Build.0 = Release|Any CPU
		{53EF544A-F6B6-4DF3-BCB3-4E2638E33C2A}.Debug|Any CPU.ActiveCfg = Debug|Any CPU
		{53EF544A-F6B6-4DF3-BCB3-4E2638E33C2A}.Debug|Any CPU.Build.0 = Debug|Any CPU
		{53EF544A-F6B6-4DF3-BCB3-4E2638E33C2A}.Debug|ARM.ActiveCfg = Debug|Any CPU
		{53EF544A-F6B6-4DF3-BCB3-4E2638E33C2A}.Debug|ARM.Build.0 = Debug|Any CPU
		{53EF544A-F6B6-4DF3-BCB3-4E2638E33C2A}.Debug|x64.ActiveCfg = Debug|Any CPU
		{53EF544A-F6B6-4DF3-BCB3-4E2638E33C2A}.Debug|x64.Build.0 = Debug|Any CPU
		{53EF544A-F6B6-4DF3-BCB3-4E2638E33C2A}.Debug|x86.ActiveCfg = Debug|Any CPU
		{53EF544A-F6B6-4DF3-BCB3-4E2638E33C2A}.Debug|x86.Build.0 = Debug|Any CPU
		{53EF544A-F6B6-4DF3-BCB3-4E2638E33C2A}.Release|Any CPU.ActiveCfg = Release|Any CPU
		{53EF544A-F6B6-4DF3-BCB3-4E2638E33C2A}.Release|Any CPU.Build.0 = Release|Any CPU
		{53EF544A-F6B6-4DF3-BCB3-4E2638E33C2A}.Release|ARM.ActiveCfg = Release|Any CPU
		{53EF544A-F6B6-4DF3-BCB3-4E2638E33C2A}.Release|ARM.Build.0 = Release|Any CPU
		{53EF544A-F6B6-4DF3-BCB3-4E2638E33C2A}.Release|x64.ActiveCfg = Release|Any CPU
		{53EF544A-F6B6-4DF3-BCB3-4E2638E33C2A}.Release|x64.Build.0 = Release|Any CPU
		{53EF544A-F6B6-4DF3-BCB3-4E2638E33C2A}.Release|x86.ActiveCfg = Release|Any CPU
		{53EF544A-F6B6-4DF3-BCB3-4E2638E33C2A}.Release|x86.Build.0 = Release|Any CPU
		{FE5FB36D-51C8-4F24-95FF-E87B55AFE24A}.Debug|Any CPU.ActiveCfg = Debug|Any CPU
		{FE5FB36D-51C8-4F24-95FF-E87B55AFE24A}.Debug|Any CPU.Build.0 = Debug|Any CPU
		{FE5FB36D-51C8-4F24-95FF-E87B55AFE24A}.Debug|ARM.ActiveCfg = Debug|Any CPU
		{FE5FB36D-51C8-4F24-95FF-E87B55AFE24A}.Debug|ARM.Build.0 = Debug|Any CPU
		{FE5FB36D-51C8-4F24-95FF-E87B55AFE24A}.Debug|x64.ActiveCfg = Debug|Any CPU
		{FE5FB36D-51C8-4F24-95FF-E87B55AFE24A}.Debug|x64.Build.0 = Debug|Any CPU
		{FE5FB36D-51C8-4F24-95FF-E87B55AFE24A}.Debug|x86.ActiveCfg = Debug|x86
		{FE5FB36D-51C8-4F24-95FF-E87B55AFE24A}.Debug|x86.Build.0 = Debug|x86
		{FE5FB36D-51C8-4F24-95FF-E87B55AFE24A}.Release|Any CPU.ActiveCfg = Release|Any CPU
		{FE5FB36D-51C8-4F24-95FF-E87B55AFE24A}.Release|Any CPU.Build.0 = Release|Any CPU
		{FE5FB36D-51C8-4F24-95FF-E87B55AFE24A}.Release|ARM.ActiveCfg = Release|Any CPU
		{FE5FB36D-51C8-4F24-95FF-E87B55AFE24A}.Release|ARM.Build.0 = Release|Any CPU
		{FE5FB36D-51C8-4F24-95FF-E87B55AFE24A}.Release|x64.ActiveCfg = Release|Any CPU
		{FE5FB36D-51C8-4F24-95FF-E87B55AFE24A}.Release|x64.Build.0 = Release|Any CPU
		{FE5FB36D-51C8-4F24-95FF-E87B55AFE24A}.Release|x86.ActiveCfg = Release|x86
		{FE5FB36D-51C8-4F24-95FF-E87B55AFE24A}.Release|x86.Build.0 = Release|x86
		{8A838176-7CE8-43F4-85B4-A9CC713F4E64}.Debug|Any CPU.ActiveCfg = Debug|Any CPU
		{8A838176-7CE8-43F4-85B4-A9CC713F4E64}.Debug|Any CPU.Build.0 = Debug|Any CPU
		{8A838176-7CE8-43F4-85B4-A9CC713F4E64}.Debug|ARM.ActiveCfg = Debug|Any CPU
		{8A838176-7CE8-43F4-85B4-A9CC713F4E64}.Debug|ARM.Build.0 = Debug|Any CPU
		{8A838176-7CE8-43F4-85B4-A9CC713F4E64}.Debug|x64.ActiveCfg = Debug|Any CPU
		{8A838176-7CE8-43F4-85B4-A9CC713F4E64}.Debug|x64.Build.0 = Debug|Any CPU
		{8A838176-7CE8-43F4-85B4-A9CC713F4E64}.Debug|x86.ActiveCfg = Debug|Any CPU
		{8A838176-7CE8-43F4-85B4-A9CC713F4E64}.Debug|x86.Build.0 = Debug|Any CPU
		{8A838176-7CE8-43F4-85B4-A9CC713F4E64}.Release|Any CPU.ActiveCfg = Release|Any CPU
		{8A838176-7CE8-43F4-85B4-A9CC713F4E64}.Release|Any CPU.Build.0 = Release|Any CPU
		{8A838176-7CE8-43F4-85B4-A9CC713F4E64}.Release|ARM.ActiveCfg = Release|Any CPU
		{8A838176-7CE8-43F4-85B4-A9CC713F4E64}.Release|ARM.Build.0 = Release|Any CPU
		{8A838176-7CE8-43F4-85B4-A9CC713F4E64}.Release|x64.ActiveCfg = Release|Any CPU
		{8A838176-7CE8-43F4-85B4-A9CC713F4E64}.Release|x64.Build.0 = Release|Any CPU
		{8A838176-7CE8-43F4-85B4-A9CC713F4E64}.Release|x86.ActiveCfg = Release|Any CPU
		{8A838176-7CE8-43F4-85B4-A9CC713F4E64}.Release|x86.Build.0 = Release|Any CPU
		{F1D5B1CB-AAC6-46AE-A406-56DC550327CF}.Debug|Any CPU.ActiveCfg = Debug|Any CPU
		{F1D5B1CB-AAC6-46AE-A406-56DC550327CF}.Debug|Any CPU.Build.0 = Debug|Any CPU
		{F1D5B1CB-AAC6-46AE-A406-56DC550327CF}.Debug|ARM.ActiveCfg = Debug|Any CPU
		{F1D5B1CB-AAC6-46AE-A406-56DC550327CF}.Debug|ARM.Build.0 = Debug|Any CPU
		{F1D5B1CB-AAC6-46AE-A406-56DC550327CF}.Debug|x64.ActiveCfg = Debug|Any CPU
		{F1D5B1CB-AAC6-46AE-A406-56DC550327CF}.Debug|x64.Build.0 = Debug|Any CPU
		{F1D5B1CB-AAC6-46AE-A406-56DC550327CF}.Debug|x86.ActiveCfg = Debug|Any CPU
		{F1D5B1CB-AAC6-46AE-A406-56DC550327CF}.Debug|x86.Build.0 = Debug|Any CPU
		{F1D5B1CB-AAC6-46AE-A406-56DC550327CF}.Release|Any CPU.ActiveCfg = Release|Any CPU
		{F1D5B1CB-AAC6-46AE-A406-56DC550327CF}.Release|Any CPU.Build.0 = Release|Any CPU
		{F1D5B1CB-AAC6-46AE-A406-56DC550327CF}.Release|ARM.ActiveCfg = Release|Any CPU
		{F1D5B1CB-AAC6-46AE-A406-56DC550327CF}.Release|ARM.Build.0 = Release|Any CPU
		{F1D5B1CB-AAC6-46AE-A406-56DC550327CF}.Release|x64.ActiveCfg = Release|Any CPU
		{F1D5B1CB-AAC6-46AE-A406-56DC550327CF}.Release|x64.Build.0 = Release|Any CPU
		{F1D5B1CB-AAC6-46AE-A406-56DC550327CF}.Release|x86.ActiveCfg = Release|Any CPU
		{F1D5B1CB-AAC6-46AE-A406-56DC550327CF}.Release|x86.Build.0 = Release|Any CPU
		{335BB75F-4AF1-4336-97A5-9F689A516F0F}.Debug|Any CPU.ActiveCfg = Debug|Any CPU
		{335BB75F-4AF1-4336-97A5-9F689A516F0F}.Debug|Any CPU.Build.0 = Debug|Any CPU
		{335BB75F-4AF1-4336-97A5-9F689A516F0F}.Debug|ARM.ActiveCfg = Debug|Any CPU
		{335BB75F-4AF1-4336-97A5-9F689A516F0F}.Debug|ARM.Build.0 = Debug|Any CPU
		{335BB75F-4AF1-4336-97A5-9F689A516F0F}.Debug|x64.ActiveCfg = Debug|Any CPU
		{335BB75F-4AF1-4336-97A5-9F689A516F0F}.Debug|x64.Build.0 = Debug|Any CPU
		{335BB75F-4AF1-4336-97A5-9F689A516F0F}.Debug|x86.ActiveCfg = Debug|Any CPU
		{335BB75F-4AF1-4336-97A5-9F689A516F0F}.Debug|x86.Build.0 = Debug|Any CPU
		{335BB75F-4AF1-4336-97A5-9F689A516F0F}.Release|Any CPU.ActiveCfg = Release|Any CPU
		{335BB75F-4AF1-4336-97A5-9F689A516F0F}.Release|Any CPU.Build.0 = Release|Any CPU
		{335BB75F-4AF1-4336-97A5-9F689A516F0F}.Release|ARM.ActiveCfg = Release|Any CPU
		{335BB75F-4AF1-4336-97A5-9F689A516F0F}.Release|ARM.Build.0 = Release|Any CPU
		{335BB75F-4AF1-4336-97A5-9F689A516F0F}.Release|x64.ActiveCfg = Release|Any CPU
		{335BB75F-4AF1-4336-97A5-9F689A516F0F}.Release|x64.Build.0 = Release|Any CPU
		{335BB75F-4AF1-4336-97A5-9F689A516F0F}.Release|x86.ActiveCfg = Release|Any CPU
		{335BB75F-4AF1-4336-97A5-9F689A516F0F}.Release|x86.Build.0 = Release|Any CPU
		{56C01C7C-8572-4A0F-8322-B026BB3EA9CC}.Debug|Any CPU.ActiveCfg = Debug|Any CPU
		{56C01C7C-8572-4A0F-8322-B026BB3EA9CC}.Debug|Any CPU.Build.0 = Debug|Any CPU
		{56C01C7C-8572-4A0F-8322-B026BB3EA9CC}.Debug|ARM.ActiveCfg = Debug|Any CPU
		{56C01C7C-8572-4A0F-8322-B026BB3EA9CC}.Debug|ARM.Build.0 = Debug|Any CPU
		{56C01C7C-8572-4A0F-8322-B026BB3EA9CC}.Debug|x64.ActiveCfg = Debug|Any CPU
		{56C01C7C-8572-4A0F-8322-B026BB3EA9CC}.Debug|x64.Build.0 = Debug|Any CPU
		{56C01C7C-8572-4A0F-8322-B026BB3EA9CC}.Debug|x86.ActiveCfg = Debug|Any CPU
		{56C01C7C-8572-4A0F-8322-B026BB3EA9CC}.Debug|x86.Build.0 = Debug|Any CPU
		{56C01C7C-8572-4A0F-8322-B026BB3EA9CC}.Release|Any CPU.ActiveCfg = Release|Any CPU
		{56C01C7C-8572-4A0F-8322-B026BB3EA9CC}.Release|Any CPU.Build.0 = Release|Any CPU
		{56C01C7C-8572-4A0F-8322-B026BB3EA9CC}.Release|ARM.ActiveCfg = Release|Any CPU
		{56C01C7C-8572-4A0F-8322-B026BB3EA9CC}.Release|ARM.Build.0 = Release|Any CPU
		{56C01C7C-8572-4A0F-8322-B026BB3EA9CC}.Release|x64.ActiveCfg = Release|Any CPU
		{56C01C7C-8572-4A0F-8322-B026BB3EA9CC}.Release|x64.Build.0 = Release|Any CPU
		{56C01C7C-8572-4A0F-8322-B026BB3EA9CC}.Release|x86.ActiveCfg = Release|Any CPU
		{56C01C7C-8572-4A0F-8322-B026BB3EA9CC}.Release|x86.Build.0 = Release|Any CPU
		{4A937E7D-7620-4875-9576-FA8A40249A52}.Debug|Any CPU.ActiveCfg = Debug|Any CPU
		{4A937E7D-7620-4875-9576-FA8A40249A52}.Debug|Any CPU.Build.0 = Debug|Any CPU
		{4A937E7D-7620-4875-9576-FA8A40249A52}.Debug|ARM.ActiveCfg = Debug|Any CPU
		{4A937E7D-7620-4875-9576-FA8A40249A52}.Debug|ARM.Build.0 = Debug|Any CPU
		{4A937E7D-7620-4875-9576-FA8A40249A52}.Debug|x64.ActiveCfg = Debug|Any CPU
		{4A937E7D-7620-4875-9576-FA8A40249A52}.Debug|x64.Build.0 = Debug|Any CPU
		{4A937E7D-7620-4875-9576-FA8A40249A52}.Debug|x86.ActiveCfg = Debug|Any CPU
		{4A937E7D-7620-4875-9576-FA8A40249A52}.Debug|x86.Build.0 = Debug|Any CPU
		{4A937E7D-7620-4875-9576-FA8A40249A52}.Release|Any CPU.ActiveCfg = Release|Any CPU
		{4A937E7D-7620-4875-9576-FA8A40249A52}.Release|Any CPU.Build.0 = Release|Any CPU
		{4A937E7D-7620-4875-9576-FA8A40249A52}.Release|ARM.ActiveCfg = Release|Any CPU
		{4A937E7D-7620-4875-9576-FA8A40249A52}.Release|ARM.Build.0 = Release|Any CPU
		{4A937E7D-7620-4875-9576-FA8A40249A52}.Release|x64.ActiveCfg = Release|Any CPU
		{4A937E7D-7620-4875-9576-FA8A40249A52}.Release|x64.Build.0 = Release|Any CPU
		{4A937E7D-7620-4875-9576-FA8A40249A52}.Release|x86.ActiveCfg = Release|Any CPU
		{4A937E7D-7620-4875-9576-FA8A40249A52}.Release|x86.Build.0 = Release|Any CPU
		{EFFC124F-08E5-484B-A753-4A709C2A1DB3}.Debug|Any CPU.ActiveCfg = Debug|Any CPU
		{EFFC124F-08E5-484B-A753-4A709C2A1DB3}.Debug|Any CPU.Build.0 = Debug|Any CPU
		{EFFC124F-08E5-484B-A753-4A709C2A1DB3}.Debug|ARM.ActiveCfg = Debug|Any CPU
		{EFFC124F-08E5-484B-A753-4A709C2A1DB3}.Debug|ARM.Build.0 = Debug|Any CPU
		{EFFC124F-08E5-484B-A753-4A709C2A1DB3}.Debug|x64.ActiveCfg = Debug|Any CPU
		{EFFC124F-08E5-484B-A753-4A709C2A1DB3}.Debug|x64.Build.0 = Debug|Any CPU
		{EFFC124F-08E5-484B-A753-4A709C2A1DB3}.Debug|x86.ActiveCfg = Debug|Any CPU
		{EFFC124F-08E5-484B-A753-4A709C2A1DB3}.Debug|x86.Build.0 = Debug|Any CPU
		{EFFC124F-08E5-484B-A753-4A709C2A1DB3}.Release|Any CPU.ActiveCfg = Release|Any CPU
		{EFFC124F-08E5-484B-A753-4A709C2A1DB3}.Release|Any CPU.Build.0 = Release|Any CPU
		{EFFC124F-08E5-484B-A753-4A709C2A1DB3}.Release|ARM.ActiveCfg = Release|Any CPU
		{EFFC124F-08E5-484B-A753-4A709C2A1DB3}.Release|ARM.Build.0 = Release|Any CPU
		{EFFC124F-08E5-484B-A753-4A709C2A1DB3}.Release|x64.ActiveCfg = Release|Any CPU
		{EFFC124F-08E5-484B-A753-4A709C2A1DB3}.Release|x64.Build.0 = Release|Any CPU
		{EFFC124F-08E5-484B-A753-4A709C2A1DB3}.Release|x86.ActiveCfg = Release|Any CPU
		{EFFC124F-08E5-484B-A753-4A709C2A1DB3}.Release|x86.Build.0 = Release|Any CPU
		{1738B35C-8B8D-47AD-ACC9-CF0E8480B639}.Debug|Any CPU.ActiveCfg = Debug|Any CPU
		{1738B35C-8B8D-47AD-ACC9-CF0E8480B639}.Debug|Any CPU.Build.0 = Debug|Any CPU
		{1738B35C-8B8D-47AD-ACC9-CF0E8480B639}.Debug|ARM.ActiveCfg = Debug|Any CPU
		{1738B35C-8B8D-47AD-ACC9-CF0E8480B639}.Debug|ARM.Build.0 = Debug|Any CPU
		{1738B35C-8B8D-47AD-ACC9-CF0E8480B639}.Debug|x64.ActiveCfg = Debug|Any CPU
		{1738B35C-8B8D-47AD-ACC9-CF0E8480B639}.Debug|x64.Build.0 = Debug|Any CPU
		{1738B35C-8B8D-47AD-ACC9-CF0E8480B639}.Debug|x86.ActiveCfg = Debug|Any CPU
		{1738B35C-8B8D-47AD-ACC9-CF0E8480B639}.Debug|x86.Build.0 = Debug|Any CPU
		{1738B35C-8B8D-47AD-ACC9-CF0E8480B639}.Release|Any CPU.ActiveCfg = Release|Any CPU
		{1738B35C-8B8D-47AD-ACC9-CF0E8480B639}.Release|Any CPU.Build.0 = Release|Any CPU
		{1738B35C-8B8D-47AD-ACC9-CF0E8480B639}.Release|ARM.ActiveCfg = Release|Any CPU
		{1738B35C-8B8D-47AD-ACC9-CF0E8480B639}.Release|ARM.Build.0 = Release|Any CPU
		{1738B35C-8B8D-47AD-ACC9-CF0E8480B639}.Release|x64.ActiveCfg = Release|Any CPU
		{1738B35C-8B8D-47AD-ACC9-CF0E8480B639}.Release|x64.Build.0 = Release|Any CPU
		{1738B35C-8B8D-47AD-ACC9-CF0E8480B639}.Release|x86.ActiveCfg = Release|Any CPU
		{1738B35C-8B8D-47AD-ACC9-CF0E8480B639}.Release|x86.Build.0 = Release|Any CPU
		{0EB2DF22-F30D-4703-B554-99863505C65F}.Debug|Any CPU.ActiveCfg = Debug|Any CPU
		{0EB2DF22-F30D-4703-B554-99863505C65F}.Debug|Any CPU.Build.0 = Debug|Any CPU
		{0EB2DF22-F30D-4703-B554-99863505C65F}.Debug|ARM.ActiveCfg = Debug|Any CPU
		{0EB2DF22-F30D-4703-B554-99863505C65F}.Debug|ARM.Build.0 = Debug|Any CPU
		{0EB2DF22-F30D-4703-B554-99863505C65F}.Debug|x64.ActiveCfg = Debug|Any CPU
		{0EB2DF22-F30D-4703-B554-99863505C65F}.Debug|x64.Build.0 = Debug|Any CPU
		{0EB2DF22-F30D-4703-B554-99863505C65F}.Debug|x86.ActiveCfg = Debug|x86
		{0EB2DF22-F30D-4703-B554-99863505C65F}.Debug|x86.Build.0 = Debug|x86
		{0EB2DF22-F30D-4703-B554-99863505C65F}.Release|Any CPU.ActiveCfg = Release|Any CPU
		{0EB2DF22-F30D-4703-B554-99863505C65F}.Release|Any CPU.Build.0 = Release|Any CPU
		{0EB2DF22-F30D-4703-B554-99863505C65F}.Release|ARM.ActiveCfg = Release|Any CPU
		{0EB2DF22-F30D-4703-B554-99863505C65F}.Release|ARM.Build.0 = Release|Any CPU
		{0EB2DF22-F30D-4703-B554-99863505C65F}.Release|x64.ActiveCfg = Release|Any CPU
		{0EB2DF22-F30D-4703-B554-99863505C65F}.Release|x64.Build.0 = Release|Any CPU
		{0EB2DF22-F30D-4703-B554-99863505C65F}.Release|x86.ActiveCfg = Release|x86
		{0EB2DF22-F30D-4703-B554-99863505C65F}.Release|x86.Build.0 = Release|x86
		{C7728065-5DBC-45CE-8880-CA317608EAC5}.Debug|Any CPU.ActiveCfg = Debug|Any CPU
		{C7728065-5DBC-45CE-8880-CA317608EAC5}.Debug|Any CPU.Build.0 = Debug|Any CPU
		{C7728065-5DBC-45CE-8880-CA317608EAC5}.Debug|ARM.ActiveCfg = Debug|Any CPU
		{C7728065-5DBC-45CE-8880-CA317608EAC5}.Debug|ARM.Build.0 = Debug|Any CPU
		{C7728065-5DBC-45CE-8880-CA317608EAC5}.Debug|x64.ActiveCfg = Debug|Any CPU
		{C7728065-5DBC-45CE-8880-CA317608EAC5}.Debug|x64.Build.0 = Debug|Any CPU
		{C7728065-5DBC-45CE-8880-CA317608EAC5}.Debug|x86.ActiveCfg = Debug|Any CPU
		{C7728065-5DBC-45CE-8880-CA317608EAC5}.Debug|x86.Build.0 = Debug|Any CPU
		{C7728065-5DBC-45CE-8880-CA317608EAC5}.Release|Any CPU.ActiveCfg = Release|Any CPU
		{C7728065-5DBC-45CE-8880-CA317608EAC5}.Release|Any CPU.Build.0 = Release|Any CPU
		{C7728065-5DBC-45CE-8880-CA317608EAC5}.Release|ARM.ActiveCfg = Release|Any CPU
		{C7728065-5DBC-45CE-8880-CA317608EAC5}.Release|ARM.Build.0 = Release|Any CPU
		{C7728065-5DBC-45CE-8880-CA317608EAC5}.Release|x64.ActiveCfg = Release|Any CPU
		{C7728065-5DBC-45CE-8880-CA317608EAC5}.Release|x64.Build.0 = Release|Any CPU
		{C7728065-5DBC-45CE-8880-CA317608EAC5}.Release|x86.ActiveCfg = Release|Any CPU
		{C7728065-5DBC-45CE-8880-CA317608EAC5}.Release|x86.Build.0 = Release|Any CPU
		{8A7FAE39-E09D-42C2-8CAA-8BA7C3FCD92B}.Debug|Any CPU.ActiveCfg = Debug|Any CPU
		{8A7FAE39-E09D-42C2-8CAA-8BA7C3FCD92B}.Debug|Any CPU.Build.0 = Debug|Any CPU
		{8A7FAE39-E09D-42C2-8CAA-8BA7C3FCD92B}.Debug|ARM.ActiveCfg = Debug|Any CPU
		{8A7FAE39-E09D-42C2-8CAA-8BA7C3FCD92B}.Debug|ARM.Build.0 = Debug|Any CPU
		{8A7FAE39-E09D-42C2-8CAA-8BA7C3FCD92B}.Debug|x64.ActiveCfg = Debug|Any CPU
		{8A7FAE39-E09D-42C2-8CAA-8BA7C3FCD92B}.Debug|x64.Build.0 = Debug|Any CPU
		{8A7FAE39-E09D-42C2-8CAA-8BA7C3FCD92B}.Debug|x86.ActiveCfg = Debug|x86
		{8A7FAE39-E09D-42C2-8CAA-8BA7C3FCD92B}.Debug|x86.Build.0 = Debug|x86
		{8A7FAE39-E09D-42C2-8CAA-8BA7C3FCD92B}.Release|Any CPU.ActiveCfg = Release|Any CPU
		{8A7FAE39-E09D-42C2-8CAA-8BA7C3FCD92B}.Release|Any CPU.Build.0 = Release|Any CPU
		{8A7FAE39-E09D-42C2-8CAA-8BA7C3FCD92B}.Release|ARM.ActiveCfg = Release|Any CPU
		{8A7FAE39-E09D-42C2-8CAA-8BA7C3FCD92B}.Release|ARM.Build.0 = Release|Any CPU
		{8A7FAE39-E09D-42C2-8CAA-8BA7C3FCD92B}.Release|x64.ActiveCfg = Release|Any CPU
		{8A7FAE39-E09D-42C2-8CAA-8BA7C3FCD92B}.Release|x64.Build.0 = Release|Any CPU
		{8A7FAE39-E09D-42C2-8CAA-8BA7C3FCD92B}.Release|x86.ActiveCfg = Release|x86
		{8A7FAE39-E09D-42C2-8CAA-8BA7C3FCD92B}.Release|x86.Build.0 = Release|x86
		{2FDBF88C-2A9C-431F-8E9B-CC4E71257CD6}.Debug|Any CPU.ActiveCfg = Debug|Any CPU
		{2FDBF88C-2A9C-431F-8E9B-CC4E71257CD6}.Debug|Any CPU.Build.0 = Debug|Any CPU
		{2FDBF88C-2A9C-431F-8E9B-CC4E71257CD6}.Debug|ARM.ActiveCfg = Debug|Any CPU
		{2FDBF88C-2A9C-431F-8E9B-CC4E71257CD6}.Debug|ARM.Build.0 = Debug|Any CPU
		{2FDBF88C-2A9C-431F-8E9B-CC4E71257CD6}.Debug|x64.ActiveCfg = Debug|Any CPU
		{2FDBF88C-2A9C-431F-8E9B-CC4E71257CD6}.Debug|x64.Build.0 = Debug|Any CPU
		{2FDBF88C-2A9C-431F-8E9B-CC4E71257CD6}.Debug|x86.ActiveCfg = Debug|Any CPU
		{2FDBF88C-2A9C-431F-8E9B-CC4E71257CD6}.Debug|x86.Build.0 = Debug|Any CPU
		{2FDBF88C-2A9C-431F-8E9B-CC4E71257CD6}.Release|Any CPU.ActiveCfg = Release|Any CPU
		{2FDBF88C-2A9C-431F-8E9B-CC4E71257CD6}.Release|Any CPU.Build.0 = Release|Any CPU
		{2FDBF88C-2A9C-431F-8E9B-CC4E71257CD6}.Release|ARM.ActiveCfg = Release|Any CPU
		{2FDBF88C-2A9C-431F-8E9B-CC4E71257CD6}.Release|ARM.Build.0 = Release|Any CPU
		{2FDBF88C-2A9C-431F-8E9B-CC4E71257CD6}.Release|x64.ActiveCfg = Release|Any CPU
		{2FDBF88C-2A9C-431F-8E9B-CC4E71257CD6}.Release|x64.Build.0 = Release|Any CPU
		{2FDBF88C-2A9C-431F-8E9B-CC4E71257CD6}.Release|x86.ActiveCfg = Release|Any CPU
		{2FDBF88C-2A9C-431F-8E9B-CC4E71257CD6}.Release|x86.Build.0 = Release|Any CPU
	EndGlobalSection
	GlobalSection(SolutionProperties) = preSolution
		HideSolutionNode = FALSE
	EndGlobalSection
	GlobalSection(NestedProjects) = preSolution
		{6741615D-B75A-4B7B-87F0-A3B15A5C48F7} = {768B1CAF-0C5C-470A-90D3-2B3CAC4654EC}
		{BCE1302D-7C4B-4E2D-8BD6-D4DEB1BDB52C} = {6741615D-B75A-4B7B-87F0-A3B15A5C48F7}
	EndGlobalSection
	GlobalSection(ExtensibilityGlobals) = postSolution
		SolutionGuid = {0C21297C-EEC1-42FC-92CD-82123F41B083}
	EndGlobalSection
EndGlobal
